{
    "_meta": {
        "hash": {
            "sha256": "351f7b39e9ddabde6a9071ba7f9d629e9a818d4db455dc5303f7a60fdfb47db1"
        },
        "pipfile-spec": 6,
        "requires": {
            "python_version": "3.10"
        },
        "sources": [
            {
                "name": "pypi",
                "url": "https://pypi.org/simple",
                "verify_ssl": true
            }
        ]
    },
    "default": {
        "asgiref": {
            "hashes": [
                "sha256:1d2880b792ae8757289136f1db2b7b99100ce959b2aa57fd69dab783d05afac4",
                "sha256:4a29362a6acebe09bf1d6640db38c1dc3d9217c68e6f9f6204d72667fc19a424"
            ],
            "markers": "python_version >= '3.7'",
            "version": "==3.5.2"
        },
        "django": {
            "hashes": [
                "sha256:a153ffd5143bf26a877bfae2f4ec736ebd8924a46600ca089ad96b54a1d4e28e",
                "sha256:acb21fac9275f9972d81c7caf5761a89ec3ea25fe74545dd26b8a48cb3a0203e"
            ],
            "markers": "python_version >= '3.8'",
            "version": "==4.1.1"
        },
        "djangorestframework": {
            "hashes": [
                "sha256:7fb1c91a8f9aa5ccb39d1568925a6433659dacfc1af7ac757b293d6451ddb9e1",
                "sha256:9d5b07a2dd29b4fb18da2e6a888051f34b286b3bfc1c3fe885a17e16e389c569"
            ],
            "index": "pypi",
            "version": "==3.12.0"
        },
        "sqlparse": {
            "hashes": [
                "sha256:0c00730c74263a94e5a9919ade150dfc3b19c574389985446148402998287dae",
                "sha256:48719e356bb8b42991bdbb1e8b83223757b93789c00910a616a071910ca4a64d"
            ],
            "markers": "python_version >= '3.5'",
            "version": "==0.4.2"
        }
    },
    "develop": {}
}
